
Microsoft Visual Studio Solution File, Format Version 12.00
# Visual Studio Version 16
VisualStudioVersion = 16.0.29201.188
MinimumVisualStudioVersion = 10.0.40219.1
Project("{FAE04EC0-301F-11D3-BF4B-00C04F79EFBC}") = "App00DebugTest", "DebugTest\App00DebugTest.csproj", "{AACC7D01-C773-4BFA-B92E-2F70D6535044}"
EndProject
Project("{FAE04EC0-301F-11D3-BF4B-00C04F79EFBC}") = "App01Console", "App01Console\App01Console.csproj", "{B41DD63B-5EF9-4191-86F9-067F0CFCBBA7}"
EndProject
Project("{FAE04EC0-301F-11D3-BF4B-00C04F79EFBC}") = "App02variabler", "App02variabler\App02variabler.csproj", "{D8D1FD9C-3DA3-497B-80D4-39D9B3142DB0}"
EndProject
Global
	GlobalSection(SolutionConfigurationPlatforms) = preSolution
		Debug|Any CPU = Debug|Any CPU
		Release|Any CPU = Release|Any CPU
	EndGlobalSection
	GlobalSection(ProjectConfigurationPlatforms) = postSolution
		{AACC7D01-C773-4BFA-B92E-2F70D6535044}.Debug|Any CPU.ActiveCfg = Debug|Any CPU
		{AACC7D01-C773-4BFA-B92E-2F70D6535044}.Debug|Any CPU.Build.0 = Debug|Any CPU
		{AACC7D01-C773-4BFA-B92E-2F70D6535044}.Release|Any CPU.ActiveCfg = Release|Any CPU
		{AACC7D01-C773-4BFA-B92E-2F70D6535044}.Release|Any CPU.Build.0 = Release|Any CPU
		{B41DD63B-5EF9-4191-86F9-067F0CFCBBA7}.Debug|Any CPU.ActiveCfg = Debug|Any CPU
		{B41DD63B-5EF9-4191-86F9-067F0CFCBBA7}.Debug|Any CPU.Build.0 = Debug|Any CPU
		{B41DD63B-5EF9-4191-86F9-067F0CFCBBA7}.Release|Any CPU.ActiveCfg = Release|Any CPU
		{B41DD63B-5EF9-4191-86F9-067F0CFCBBA7}.Release|Any CPU.Build.0 = Release|Any CPU
		{D8D1FD9C-3DA3-497B-80D4-39D9B3142DB0}.Debug|Any CPU.ActiveCfg = Debug|Any CPU
		{D8D1FD9C-3DA3-497B-80D4-39D9B3142DB0}.Debug|Any CPU.Build.0 = Debug|Any CPU
		{D8D1FD9C-3DA3-497B-80D4-39D9B3142DB0}.Release|Any CPU.ActiveCfg = Release|Any CPU
		{D8D1FD9C-3DA3-497B-80D4-39D9B3142DB0}.Release|Any CPU.Build.0 = Release|Any CPU
	EndGlobalSection
	GlobalSection(SolutionProperties) = preSolution
		HideSolutionNode = FALSE
	EndGlobalSection
	GlobalSection(ExtensibilityGlobals) = postSolution
		SolutionGuid = {9023C079-1888-4F2C-90DD-BF1F6321895F}
	EndGlobalSection
EndGlobal
