
Microsoft Visual Studio Solution File, Format Version 12.00
# Visual Studio Version 16
VisualStudioVersion = 16.0.29201.188
MinimumVisualStudioVersion = 10.0.40219.1
Project("{9A19103F-16F7-4668-BE54-9A1E7A4F7556}") = "App00DebugTest", "DebugTest\App00DebugTest.csproj", "{AACC7D01-C773-4BFA-B92E-2F70D6535044}"
EndProject
Project("{9A19103F-16F7-4668-BE54-9A1E7A4F7556}") = "App01Console", "App01Console\App01Console.csproj", "{B41DD63B-5EF9-4191-86F9-067F0CFCBBA7}"
EndProject
Project("{9A19103F-16F7-4668-BE54-9A1E7A4F7556}") = "App02variabler", "App02variabler\App02variabler.csproj", "{D8D1FD9C-3DA3-497B-80D4-39D9B3142DB0}"
EndProject
Project("{9A19103F-16F7-4668-BE54-9A1E7A4F7556}") = "App03Opgave40-2", "Opgave40\App03Opgave40-2.csproj", "{9DB8894E-AA9C-401A-A6E5-3A12442A2A12}"
EndProject
Project("{9A19103F-16F7-4668-BE54-9A1E7A4F7556}") = "App000testOnTheFly", "App000testOnTheFly\App000testOnTheFly.csproj", "{A1B41FE4-3470-4EE4-B815-8A1107F3CDBA}"
EndProject
Project("{9A19103F-16F7-4668-BE54-9A1E7A4F7556}") = "App03Opgave45-1", "App03Opgave45-1\App03Opgave45-1.csproj", "{E09498C4-23C2-4CBD-9AA1-3E257EB3D98C}"
EndProject
Project("{9A19103F-16F7-4668-BE54-9A1E7A4F7556}") = "App03Opgave45-2", "App03Opgave45-2\App03Opgave45-2.csproj", "{D92A24DF-D5BB-4F15-A569-56AB8B201D99}"
EndProject
Project("{9A19103F-16F7-4668-BE54-9A1E7A4F7556}") = "App03Opgave48-1", "App03Opgave48-1\App03Opgave48-1.csproj", "{9457FEBA-05C3-47A0-A296-1A6D235BDC5C}"
EndProject
Project("{9A19103F-16F7-4668-BE54-9A1E7A4F7556}") = "App03Opgave50-1", "App03Opgave50-1\App03Opgave50-1.csproj", "{7D22DAB5-A92B-43FD-A513-21B952ECFE1A}"
EndProject
Project("{9A19103F-16F7-4668-BE54-9A1E7A4F7556}") = "App03Opgave50-2", "App03Opgave50-2\App03Opgave50-2.csproj", "{E0389C8C-4A23-4D2D-A108-726B2B67F9B4}"
EndProject
Project("{9A19103F-16F7-4668-BE54-9A1E7A4F7556}") = "App03Opgave65-1", "App03Opgave65-1\App03Opgave65-1.csproj", "{F1DC60AD-4C86-4E82-B2F0-49E123AB2D96}"
EndProject
Project("{9A19103F-16F7-4668-BE54-9A1E7A4F7556}") = "App03Opgave65-2", "App03Opgave65-2\App03Opgave65-2.csproj", "{BCFBCB63-3186-44DC-BFE3-185A64D62121}"
EndProject
Project("{9A19103F-16F7-4668-BE54-9A1E7A4F7556}") = "App03Opgave65-3", "App03Opgave65-3\App03Opgave65-3.csproj", "{042BD1B3-9DFC-4833-AAA9-0FA39EB095CF}"
EndProject
Project("{FAE04EC0-301F-11D3-BF4B-00C04F79EFBC}") = "App04Opgave60-1", "App04Opgave60-1\App04Opgave60-1.csproj", "{BF3150C4-0348-4043-A0D3-8D60D8FBA667}"
EndProject
Project("{FAE04EC0-301F-11D3-BF4B-00C04F79EFBC}") = "App04Opgave60-2", "App04Opgave60-2\App04Opgave60-2.csproj", "{372337A2-6EBD-4155-AFFA-B2E02D1BB36F}"
EndProject
Project("{FAE04EC0-301F-11D3-BF4B-00C04F79EFBC}") = "App04Opgave70-1", "App04Opgave70-1\App04Opgave70-1.csproj", "{9B37A52D-A11C-49B3-80C6-A0B159B25E5A}"
EndProject
Project("{FAE04EC0-301F-11D3-BF4B-00C04F79EFBC}") = "App04Opgave70-2", "App04Opgave70-2\App04Opgave70-2.csproj", "{EA02C50A-7697-411E-BC0E-D7D150325E51}"
EndProject
Project("{FAE04EC0-301F-11D3-BF4B-00C04F79EFBC}") = "App04Opgave75-1", "App04Opgave75-1\App04Opgave75-1.csproj", "{27E54C0F-1770-4EFE-AD7C-C3C9EE97602B}"
EndProject
Global
	GlobalSection(SolutionConfigurationPlatforms) = preSolution
		Debug|Any CPU = Debug|Any CPU
		Release|Any CPU = Release|Any CPU
	EndGlobalSection
	GlobalSection(ProjectConfigurationPlatforms) = postSolution
		{AACC7D01-C773-4BFA-B92E-2F70D6535044}.Debug|Any CPU.ActiveCfg = Debug|Any CPU
		{AACC7D01-C773-4BFA-B92E-2F70D6535044}.Debug|Any CPU.Build.0 = Debug|Any CPU
		{AACC7D01-C773-4BFA-B92E-2F70D6535044}.Release|Any CPU.ActiveCfg = Release|Any CPU
		{AACC7D01-C773-4BFA-B92E-2F70D6535044}.Release|Any CPU.Build.0 = Release|Any CPU
		{B41DD63B-5EF9-4191-86F9-067F0CFCBBA7}.Debug|Any CPU.ActiveCfg = Debug|Any CPU
		{B41DD63B-5EF9-4191-86F9-067F0CFCBBA7}.Debug|Any CPU.Build.0 = Debug|Any CPU
		{B41DD63B-5EF9-4191-86F9-067F0CFCBBA7}.Release|Any CPU.ActiveCfg = Release|Any CPU
		{B41DD63B-5EF9-4191-86F9-067F0CFCBBA7}.Release|Any CPU.Build.0 = Release|Any CPU
		{D8D1FD9C-3DA3-497B-80D4-39D9B3142DB0}.Debug|Any CPU.ActiveCfg = Debug|Any CPU
		{D8D1FD9C-3DA3-497B-80D4-39D9B3142DB0}.Debug|Any CPU.Build.0 = Debug|Any CPU
		{D8D1FD9C-3DA3-497B-80D4-39D9B3142DB0}.Release|Any CPU.ActiveCfg = Release|Any CPU
		{D8D1FD9C-3DA3-497B-80D4-39D9B3142DB0}.Release|Any CPU.Build.0 = Release|Any CPU
		{9DB8894E-AA9C-401A-A6E5-3A12442A2A12}.Debug|Any CPU.ActiveCfg = Debug|Any CPU
		{9DB8894E-AA9C-401A-A6E5-3A12442A2A12}.Debug|Any CPU.Build.0 = Debug|Any CPU
		{9DB8894E-AA9C-401A-A6E5-3A12442A2A12}.Release|Any CPU.ActiveCfg = Release|Any CPU
		{9DB8894E-AA9C-401A-A6E5-3A12442A2A12}.Release|Any CPU.Build.0 = Release|Any CPU
		{A1B41FE4-3470-4EE4-B815-8A1107F3CDBA}.Debug|Any CPU.ActiveCfg = Debug|Any CPU
		{A1B41FE4-3470-4EE4-B815-8A1107F3CDBA}.Debug|Any CPU.Build.0 = Debug|Any CPU
		{A1B41FE4-3470-4EE4-B815-8A1107F3CDBA}.Release|Any CPU.ActiveCfg = Release|Any CPU
		{A1B41FE4-3470-4EE4-B815-8A1107F3CDBA}.Release|Any CPU.Build.0 = Release|Any CPU
		{E09498C4-23C2-4CBD-9AA1-3E257EB3D98C}.Debug|Any CPU.ActiveCfg = Debug|Any CPU
		{E09498C4-23C2-4CBD-9AA1-3E257EB3D98C}.Debug|Any CPU.Build.0 = Debug|Any CPU
		{E09498C4-23C2-4CBD-9AA1-3E257EB3D98C}.Release|Any CPU.ActiveCfg = Release|Any CPU
		{E09498C4-23C2-4CBD-9AA1-3E257EB3D98C}.Release|Any CPU.Build.0 = Release|Any CPU
		{D92A24DF-D5BB-4F15-A569-56AB8B201D99}.Debug|Any CPU.ActiveCfg = Debug|Any CPU
		{D92A24DF-D5BB-4F15-A569-56AB8B201D99}.Debug|Any CPU.Build.0 = Debug|Any CPU
		{D92A24DF-D5BB-4F15-A569-56AB8B201D99}.Release|Any CPU.ActiveCfg = Release|Any CPU
		{D92A24DF-D5BB-4F15-A569-56AB8B201D99}.Release|Any CPU.Build.0 = Release|Any CPU
		{9457FEBA-05C3-47A0-A296-1A6D235BDC5C}.Debug|Any CPU.ActiveCfg = Debug|Any CPU
		{9457FEBA-05C3-47A0-A296-1A6D235BDC5C}.Debug|Any CPU.Build.0 = Debug|Any CPU
		{9457FEBA-05C3-47A0-A296-1A6D235BDC5C}.Release|Any CPU.ActiveCfg = Release|Any CPU
		{9457FEBA-05C3-47A0-A296-1A6D235BDC5C}.Release|Any CPU.Build.0 = Release|Any CPU
		{7D22DAB5-A92B-43FD-A513-21B952ECFE1A}.Debug|Any CPU.ActiveCfg = Debug|Any CPU
		{7D22DAB5-A92B-43FD-A513-21B952ECFE1A}.Debug|Any CPU.Build.0 = Debug|Any CPU
		{7D22DAB5-A92B-43FD-A513-21B952ECFE1A}.Release|Any CPU.ActiveCfg = Release|Any CPU
		{7D22DAB5-A92B-43FD-A513-21B952ECFE1A}.Release|Any CPU.Build.0 = Release|Any CPU
		{E0389C8C-4A23-4D2D-A108-726B2B67F9B4}.Debug|Any CPU.ActiveCfg = Debug|Any CPU
		{E0389C8C-4A23-4D2D-A108-726B2B67F9B4}.Debug|Any CPU.Build.0 = Debug|Any CPU
		{E0389C8C-4A23-4D2D-A108-726B2B67F9B4}.Release|Any CPU.ActiveCfg = Release|Any CPU
		{E0389C8C-4A23-4D2D-A108-726B2B67F9B4}.Release|Any CPU.Build.0 = Release|Any CPU
		{F1DC60AD-4C86-4E82-B2F0-49E123AB2D96}.Debug|Any CPU.ActiveCfg = Debug|Any CPU
		{F1DC60AD-4C86-4E82-B2F0-49E123AB2D96}.Debug|Any CPU.Build.0 = Debug|Any CPU
		{F1DC60AD-4C86-4E82-B2F0-49E123AB2D96}.Release|Any CPU.ActiveCfg = Release|Any CPU
		{F1DC60AD-4C86-4E82-B2F0-49E123AB2D96}.Release|Any CPU.Build.0 = Release|Any CPU
		{BCFBCB63-3186-44DC-BFE3-185A64D62121}.Debug|Any CPU.ActiveCfg = Debug|Any CPU
		{BCFBCB63-3186-44DC-BFE3-185A64D62121}.Debug|Any CPU.Build.0 = Debug|Any CPU
		{BCFBCB63-3186-44DC-BFE3-185A64D62121}.Release|Any CPU.ActiveCfg = Release|Any CPU
		{BCFBCB63-3186-44DC-BFE3-185A64D62121}.Release|Any CPU.Build.0 = Release|Any CPU
		{042BD1B3-9DFC-4833-AAA9-0FA39EB095CF}.Debug|Any CPU.ActiveCfg = Debug|Any CPU
		{042BD1B3-9DFC-4833-AAA9-0FA39EB095CF}.Debug|Any CPU.Build.0 = Debug|Any CPU
		{042BD1B3-9DFC-4833-AAA9-0FA39EB095CF}.Release|Any CPU.ActiveCfg = Release|Any CPU
		{042BD1B3-9DFC-4833-AAA9-0FA39EB095CF}.Release|Any CPU.Build.0 = Release|Any CPU
		{BF3150C4-0348-4043-A0D3-8D60D8FBA667}.Debug|Any CPU.ActiveCfg = Debug|Any CPU
		{BF3150C4-0348-4043-A0D3-8D60D8FBA667}.Debug|Any CPU.Build.0 = Debug|Any CPU
		{BF3150C4-0348-4043-A0D3-8D60D8FBA667}.Release|Any CPU.ActiveCfg = Release|Any CPU
		{BF3150C4-0348-4043-A0D3-8D60D8FBA667}.Release|Any CPU.Build.0 = Release|Any CPU
		{372337A2-6EBD-4155-AFFA-B2E02D1BB36F}.Debug|Any CPU.ActiveCfg = Debug|Any CPU
		{372337A2-6EBD-4155-AFFA-B2E02D1BB36F}.Debug|Any CPU.Build.0 = Debug|Any CPU
		{372337A2-6EBD-4155-AFFA-B2E02D1BB36F}.Release|Any CPU.ActiveCfg = Release|Any CPU
		{372337A2-6EBD-4155-AFFA-B2E02D1BB36F}.Release|Any CPU.Build.0 = Release|Any CPU
		{9B37A52D-A11C-49B3-80C6-A0B159B25E5A}.Debug|Any CPU.ActiveCfg = Debug|Any CPU
		{9B37A52D-A11C-49B3-80C6-A0B159B25E5A}.Debug|Any CPU.Build.0 = Debug|Any CPU
		{9B37A52D-A11C-49B3-80C6-A0B159B25E5A}.Release|Any CPU.ActiveCfg = Release|Any CPU
		{9B37A52D-A11C-49B3-80C6-A0B159B25E5A}.Release|Any CPU.Build.0 = Release|Any CPU
		{EA02C50A-7697-411E-BC0E-D7D150325E51}.Debug|Any CPU.ActiveCfg = Debug|Any CPU
		{EA02C50A-7697-411E-BC0E-D7D150325E51}.Debug|Any CPU.Build.0 = Debug|Any CPU
		{EA02C50A-7697-411E-BC0E-D7D150325E51}.Release|Any CPU.ActiveCfg = Release|Any CPU
		{EA02C50A-7697-411E-BC0E-D7D150325E51}.Release|Any CPU.Build.0 = Release|Any CPU
		{27E54C0F-1770-4EFE-AD7C-C3C9EE97602B}.Debug|Any CPU.ActiveCfg = Debug|Any CPU
		{27E54C0F-1770-4EFE-AD7C-C3C9EE97602B}.Debug|Any CPU.Build.0 = Debug|Any CPU
		{27E54C0F-1770-4EFE-AD7C-C3C9EE97602B}.Release|Any CPU.ActiveCfg = Release|Any CPU
		{27E54C0F-1770-4EFE-AD7C-C3C9EE97602B}.Release|Any CPU.Build.0 = Release|Any CPU
	EndGlobalSection
	GlobalSection(SolutionProperties) = preSolution
		HideSolutionNode = FALSE
	EndGlobalSection
	GlobalSection(ExtensibilityGlobals) = postSolution
		SolutionGuid = {9023C079-1888-4F2C-90DD-BF1F6321895F}
	EndGlobalSection
EndGlobal
