
Microsoft Visual Studio Solution File, Format Version 12.00
# Visual Studio Version 16
VisualStudioVersion = 16.0.29201.188
MinimumVisualStudioVersion = 10.0.40219.1
Project("{9A19103F-16F7-4668-BE54-9A1E7A4F7556}") = "App00DebugTest", "DebugTest\App00DebugTest.csproj", "{AACC7D01-C773-4BFA-B92E-2F70D6535044}"
EndProject
Project("{9A19103F-16F7-4668-BE54-9A1E7A4F7556}") = "App01Console", "App01Console\App01Console.csproj", "{B41DD63B-5EF9-4191-86F9-067F0CFCBBA7}"
EndProject
Project("{9A19103F-16F7-4668-BE54-9A1E7A4F7556}") = "App02variabler", "App02variabler\App02variabler.csproj", "{D8D1FD9C-3DA3-497B-80D4-39D9B3142DB0}"
EndProject
Project("{FAE04EC0-301F-11D3-BF4B-00C04F79EFBC}") = "App03Opgave40-2", "Opgave40\App03Opgave40-2.csproj", "{9DB8894E-AA9C-401A-A6E5-3A12442A2A12}"
EndProject
Project("{FAE04EC0-301F-11D3-BF4B-00C04F79EFBC}") = "App000testOnTheFly", "App000testOnTheFly\App000testOnTheFly.csproj", "{A1B41FE4-3470-4EE4-B815-8A1107F3CDBA}"
EndProject
Project("{FAE04EC0-301F-11D3-BF4B-00C04F79EFBC}") = "App03Opgave45-1", "App03Opgave45-1\App03Opgave45-1.csproj", "{E09498C4-23C2-4CBD-9AA1-3E257EB3D98C}"
EndProject
Project("{FAE04EC0-301F-11D3-BF4B-00C04F79EFBC}") = "App03Opgave45-2", "App03Opgave45-2\App03Opgave45-2.csproj", "{D92A24DF-D5BB-4F15-A569-56AB8B201D99}"
EndProject
Global
	GlobalSection(SolutionConfigurationPlatforms) = preSolution
		Debug|Any CPU = Debug|Any CPU
		Release|Any CPU = Release|Any CPU
	EndGlobalSection
	GlobalSection(ProjectConfigurationPlatforms) = postSolution
		{AACC7D01-C773-4BFA-B92E-2F70D6535044}.Debug|Any CPU.ActiveCfg = Debug|Any CPU
		{AACC7D01-C773-4BFA-B92E-2F70D6535044}.Debug|Any CPU.Build.0 = Debug|Any CPU
		{AACC7D01-C773-4BFA-B92E-2F70D6535044}.Release|Any CPU.ActiveCfg = Release|Any CPU
		{AACC7D01-C773-4BFA-B92E-2F70D6535044}.Release|Any CPU.Build.0 = Release|Any CPU
		{B41DD63B-5EF9-4191-86F9-067F0CFCBBA7}.Debug|Any CPU.ActiveCfg = Debug|Any CPU
		{B41DD63B-5EF9-4191-86F9-067F0CFCBBA7}.Debug|Any CPU.Build.0 = Debug|Any CPU
		{B41DD63B-5EF9-4191-86F9-067F0CFCBBA7}.Release|Any CPU.ActiveCfg = Release|Any CPU
		{B41DD63B-5EF9-4191-86F9-067F0CFCBBA7}.Release|Any CPU.Build.0 = Release|Any CPU
		{D8D1FD9C-3DA3-497B-80D4-39D9B3142DB0}.Debug|Any CPU.ActiveCfg = Debug|Any CPU
		{D8D1FD9C-3DA3-497B-80D4-39D9B3142DB0}.Debug|Any CPU.Build.0 = Debug|Any CPU
		{D8D1FD9C-3DA3-497B-80D4-39D9B3142DB0}.Release|Any CPU.ActiveCfg = Release|Any CPU
		{D8D1FD9C-3DA3-497B-80D4-39D9B3142DB0}.Release|Any CPU.Build.0 = Release|Any CPU
		{9DB8894E-AA9C-401A-A6E5-3A12442A2A12}.Debug|Any CPU.ActiveCfg = Debug|Any CPU
		{9DB8894E-AA9C-401A-A6E5-3A12442A2A12}.Debug|Any CPU.Build.0 = Debug|Any CPU
		{9DB8894E-AA9C-401A-A6E5-3A12442A2A12}.Release|Any CPU.ActiveCfg = Release|Any CPU
		{9DB8894E-AA9C-401A-A6E5-3A12442A2A12}.Release|Any CPU.Build.0 = Release|Any CPU
		{A1B41FE4-3470-4EE4-B815-8A1107F3CDBA}.Debug|Any CPU.ActiveCfg = Debug|Any CPU
		{A1B41FE4-3470-4EE4-B815-8A1107F3CDBA}.Debug|Any CPU.Build.0 = Debug|Any CPU
		{A1B41FE4-3470-4EE4-B815-8A1107F3CDBA}.Release|Any CPU.ActiveCfg = Release|Any CPU
		{A1B41FE4-3470-4EE4-B815-8A1107F3CDBA}.Release|Any CPU.Build.0 = Release|Any CPU
		{E09498C4-23C2-4CBD-9AA1-3E257EB3D98C}.Debug|Any CPU.ActiveCfg = Debug|Any CPU
		{E09498C4-23C2-4CBD-9AA1-3E257EB3D98C}.Debug|Any CPU.Build.0 = Debug|Any CPU
		{E09498C4-23C2-4CBD-9AA1-3E257EB3D98C}.Release|Any CPU.ActiveCfg = Release|Any CPU
		{E09498C4-23C2-4CBD-9AA1-3E257EB3D98C}.Release|Any CPU.Build.0 = Release|Any CPU
		{D92A24DF-D5BB-4F15-A569-56AB8B201D99}.Debug|Any CPU.ActiveCfg = Debug|Any CPU
		{D92A24DF-D5BB-4F15-A569-56AB8B201D99}.Debug|Any CPU.Build.0 = Debug|Any CPU
		{D92A24DF-D5BB-4F15-A569-56AB8B201D99}.Release|Any CPU.ActiveCfg = Release|Any CPU
		{D92A24DF-D5BB-4F15-A569-56AB8B201D99}.Release|Any CPU.Build.0 = Release|Any CPU
	EndGlobalSection
	GlobalSection(SolutionProperties) = preSolution
		HideSolutionNode = FALSE
	EndGlobalSection
	GlobalSection(ExtensibilityGlobals) = postSolution
		SolutionGuid = {9023C079-1888-4F2C-90DD-BF1F6321895F}
	EndGlobalSection
EndGlobal
